// !$*UTF8*$!
{
	archiveVersion = 1;
	classes = {
	};
	objectVersion = 56;
	objects = {

/* Begin PBXBuildFile section */
		04421A33C8EA1871983AE5A5 /* bennie_wrong_number_1.mp3 in Resources */ = {isa = PBXBuildFile; fileRef = 809E70B3061D468F747EFEA2 /* bennie_wrong_number_1.mp3 */; };
		05990AD999070B266475ACE0 /* success_wunderbar.mp3 in Resources */ = {isa = PBXBuildFile; fileRef = 3A690B70FDAA6DF48530759D /* success_wunderbar.mp3 */; };
		0947AD00D928DECB1C0A8527 /* narrator_choose_number_4.mp3 in Resources */ = {isa = PBXBuildFile; fileRef = 068D660524F10A2EF15F1B91 /* narrator_choose_number_4.mp3 */; };
		0953708DD4021115C9AEDE2C /* bennie_puzzle_start.mp3 in Resources */ = {isa = PBXBuildFile; fileRef = BF8237DA319D411265A357BD /* bennie_puzzle_start.mp3 */; };
		0CCE91368A47A8DA3871BDA7 /* narrator_choose_number_6.mp3 in Resources */ = {isa = PBXBuildFile; fileRef = 262E0F89D32A7F4A7CC6AF9E /* narrator_choose_number_6.mp3 */; };
		1665595928873704C5AD09B6 /* narrator_choose_number_8.mp3 in Resources */ = {isa = PBXBuildFile; fileRef = D278F09D95FB23DFACEC3B2F /* narrator_choose_number_8.mp3 */; };
		17EA11B46BC0EB5D34984C2D /* narrator_puzzle_start.mp3 in Resources */ = {isa = PBXBuildFile; fileRef = E282C64BB8597DC4381BB95E /* narrator_puzzle_start.mp3 */; };
		1898B2C54B208F2368431BCA /* bennie_celebration_30.mp3 in Resources */ = {isa = PBXBuildFile; fileRef = 89E9BC83EA767D197F7CE1DB /* bennie_celebration_30.mp3 */; };
		1CAF401000157357A541B00C /* bennie_video_time_up.mp3 in Resources */ = {isa = PBXBuildFile; fileRef = 170775ABC754DEEE9D2009A7 /* bennie_video_time_up.mp3 */; };
		1CC6A3CF87F03F5066089EA5 /* bennie_labyrinth_wrong.mp3 in Resources */ = {isa = PBXBuildFile; fileRef = 61E1178AFB81812BE6311237 /* bennie_labyrinth_wrong.mp3 */; };
		1FDFE2075E8A7DE8B5DDA075 /* bennie_wrong_number_5.mp3 in Resources */ = {isa = PBXBuildFile; fileRef = 29C2F688FEAA73B7E6C3A048 /* bennie_wrong_number_5.mp3 */; };
		21E6303A0C84DB3F22A79AD1 /* bennie_wrong_number_2.mp3 in Resources */ = {isa = PBXBuildFile; fileRef = 483EDAFDF49BB36111C9C082 /* bennie_wrong_number_2.mp3 */; };
		232EACE1870C52F8A88F307B /* bennie_wrong_number_3.mp3 in Resources */ = {isa = PBXBuildFile; fileRef = 25BFE1A29863F2DCE3E03F8D /* bennie_wrong_number_3.mp3 */; };
		284F4862C9D6092399E6272B /* bennie_puzzle_hint_10s.mp3 in Resources */ = {isa = PBXBuildFile; fileRef = D0037815340A2A4389D2A695 /* bennie_puzzle_hint_10s.mp3 */; };
		2A81FE0DCB22759BAC114946 /* bennie_video_1min_warning.mp3 in Resources */ = {isa = PBXBuildFile; fileRef = 917F01687AAA308D2E90CDA8 /* bennie_video_1min_warning.mp3 */; };
		3043B5F10269DFE283C77DA8 /* bennie_treasure_under10.mp3 in Resources */ = {isa = PBXBuildFile; fileRef = ED20AFED2B64F6DBAB670919 /* bennie_treasure_under10.mp3 */; };
		34F7EA2E36CDA51AE20491B7 /* bennie_choose_hint_10s.mp3 in Resources */ = {isa = PBXBuildFile; fileRef = 329E861802F79DBC94091E67 /* bennie_choose_hint_10s.mp3 */; };
		368E1BDA63AC5C8AFE4B5B05 /* narrator_choose_number_1.mp3 in Resources */ = {isa = PBXBuildFile; fileRef = BF5936987739D38AA30AE16C /* narrator_choose_number_1.mp3 */; };
		37EBF1BF16CE9B37364A788E /* bennie_celebration_20.mp3 in Resources */ = {isa = PBXBuildFile; fileRef = 46E291890C7E5B848DE0EE90 /* bennie_celebration_20.mp3 */; };
		3D743FCD89A9BBA7E524E588 /* narrator_choose_number_10.mp3 in Resources */ = {isa = PBXBuildFile; fileRef = 5D8237C4F82D3B8631757E6C /* narrator_choose_number_10.mp3 */; };
		412DD16E19A4597309EAA4C3 /* narrator_dice_start.mp3 in Resources */ = {isa = PBXBuildFile; fileRef = 7CC7E1843A65F2012EA23F27 /* narrator_dice_start.mp3 */; };
		42B2A03A89B9F5A132F456A7 /* narrator_show_number_6.mp3 in Resources */ = {isa = PBXBuildFile; fileRef = 368BB08F44B1F763A0B43E81 /* narrator_show_number_6.mp3 */; };
		492794B79403BE91B5BBFE92 /* narrator_hello_oliver.mp3 in Resources */ = {isa = PBXBuildFile; fileRef = 6BEF6DB6560FB880CEF75FDF /* narrator_hello_oliver.mp3 */; };
		55184389F81F5E58A064F788 /* bennie_dice_hint_10s.mp3 in Resources */ = {isa = PBXBuildFile; fileRef = 88C6E450727F07F3CF9471E3 /* bennie_dice_hint_10s.mp3 */; };
		570CE30C967BA5B70BA1C2C9 /* bennie_celebration_5.mp3 in Resources */ = {isa = PBXBuildFile; fileRef = 039280D18A0E9799BF920F04 /* bennie_celebration_5.mp3 */; };
		6145455978C9A275A62B1166 /* bennie_labyrinth_start.mp3 in Resources */ = {isa = PBXBuildFile; fileRef = CDD407866B887C65E6CC2CBF /* bennie_labyrinth_start.mp3 */; };
		6AE12F556C7CBD72FD2DDFD1 /* narrator_choose_number_2.mp3 in Resources */ = {isa = PBXBuildFile; fileRef = 0083A7781A6799C34AC31D04 /* narrator_choose_number_2.mp3 */; };
		700F16BF32DA53D8F629130B /* narrator_show_number_2.mp3 in Resources */ = {isa = PBXBuildFile; fileRef = BAB0381D2DBF6D3ACC39825C /* narrator_show_number_2.mp3 */; };
		7618E18077E8C34E983FBEC6 /* bennie_locked.mp3 in Resources */ = {isa = PBXBuildFile; fileRef = 2801E0022980064CF8FDBB2D /* bennie_locked.mp3 */; };
		78A4F4CAE3F464B6F643F038 /* success_super.mp3 in Resources */ = {isa = PBXBuildFile; fileRef = EB1F81FEED02FF40A5B629D7 /* success_super.mp3 */; };
		7CF5D0B39E991359E512D8B7 /* narrator_show_number_1.mp3 in Resources */ = {isa = PBXBuildFile; fileRef = D7138E37ED8DFAD81C053C28 /* narrator_show_number_1.mp3 */; };
		7F34FE2AFC2A982ABB8B2A06 /* narrator_film_ab.mp3 in Resources */ = {isa = PBXBuildFile; fileRef = 4531182C0C9B8A67802ECF29 /* narrator_film_ab.mp3 */; };
		807F13F6DB1A82F0FD9BFAE2 /* bennie_dice_hint_20s.mp3 in Resources */ = {isa = PBXBuildFile; fileRef = 96C9B02FA14DEB6958B8C4BC /* bennie_dice_hint_20s.mp3 */; };
		8088CCE7F60B2BB564D61F4B /* narrator_choose_number_3.mp3 in Resources */ = {isa = PBXBuildFile; fileRef = BCB40E020D85AC09CFD59D57 /* narrator_choose_number_3.mp3 */; };
		8435A9CAF753E4A00602E7E5 /* narrator_choose_number_5.mp3 in Resources */ = {isa = PBXBuildFile; fileRef = B287DEF56632003E769879BD /* narrator_choose_number_5.mp3 */; };
		849F8FB9D94FE3C1738FA4BC /* narrator_home_question.mp3 in Resources */ = {isa = PBXBuildFile; fileRef = CD3E4B0F1221947B58D9E4BB /* narrator_home_question.mp3 */; };
		889D2328A5CD62EF9CFEAEAA /* narrator_choose_number_7.mp3 in Resources */ = {isa = PBXBuildFile; fileRef = 145DE9C49D47F668D5F8A886 /* narrator_choose_number_7.mp3 */; };
		8AAFC2E36F5BE715B2BA7DD9 /* narrator_loading_complete.mp3 in Resources */ = {isa = PBXBuildFile; fileRef = ABA65F310A868846E959DD7D /* narrator_loading_complete.mp3 */; };
		8BB303EF3859C14A4725082D /* bennie_greeting_oliver.mp3 in Resources */ = {isa = PBXBuildFile; fileRef = FABC0F92AAA7D9A4216575F9 /* bennie_greeting_oliver.mp3 */; };
		93FA44F23A4BD3BCE167AB48 /* bennie_choose_hint_20s.mp3 in Resources */ = {isa = PBXBuildFile; fileRef = B94C2D01B335279828B9AA8A /* bennie_choose_hint_20s.mp3 */; };
		95DEE524491CB6EDCB2F305C /* success_toll_gemacht.mp3 in Resources */ = {isa = PBXBuildFile; fileRef = 28112C77E235734CAA899A5D /* success_toll_gemacht.mp3 */; };
		99E1FDEDF0895317F99EDEAF /* bennie_treasure_10to19.mp3 in Resources */ = {isa = PBXBuildFile; fileRef = 2D4854BC3ED62F2EF4787AE2 /* bennie_treasure_10to19.mp3 */; };
		9FA3AD1567D8BAC3BEB44E5E /* success_bravo.mp3 in Resources */ = {isa = PBXBuildFile; fileRef = 92DEAE2C903EC25F504EF12B /* success_bravo.mp3 */; };
		A1000001299E000100000001 /* BennieGameApp.swift in Sources */ = {isa = PBXBuildFile; fileRef = A1000002299E000100000001 /* BennieGameApp.swift */; };
		A1000003299E000100000001 /* ContentView.swift in Sources */ = {isa = PBXBuildFile; fileRef = A1000004299E000100000001 /* ContentView.swift */; };
		A1000005299E000100000001 /* Assets.xcassets in Resources */ = {isa = PBXBuildFile; fileRef = A1000006299E000100000001 /* Assets.xcassets */; };
		ADD8856B598F9DEAB2B71174 /* bennie_puzzle_hint_20s.mp3 in Resources */ = {isa = PBXBuildFile; fileRef = F60DCB786EA4CCEFC39F1643 /* bennie_puzzle_hint_20s.mp3 */; };
		AE79CAAEB09B8C0CB40D7285 /* narrator_show_number_3.mp3 in Resources */ = {isa = PBXBuildFile; fileRef = CAB1F8FE772F0E953E551B3A /* narrator_show_number_3.mp3 */; };
		AM000001299E000100000001 /* AudioManager.swift in Sources */ = {isa = PBXBuildFile; fileRef = AM000002299E000100000001 /* AudioManager.swift */; };
		B1000001299E000100000001 /* AppCoordinator.swift in Sources */ = {isa = PBXBuildFile; fileRef = B1000002299E000100000001 /* AppCoordinator.swift */; };
		B1000003299E000100000001 /* Extensions.swift in Sources */ = {isa = PBXBuildFile; fileRef = B1000004299E000100000001 /* Extensions.swift */; };
		B243391C0EBFCAB0F278E945 /* bennie_greeting_part2.mp3 in Resources */ = {isa = PBXBuildFile; fileRef = FBDA8BF945838A7BC011D82A /* bennie_greeting_part2.mp3 */; };
		B6A49E791B4944ABE142842E /* narrator_hello_alexander.mp3 in Resources */ = {isa = PBXBuildFile; fileRef = 616952A0CD7AC96E66B15AE5 /* narrator_hello_alexander.mp3 */; };
		B83B38203EA32FB86D26D005 /* bennie_celebration_25.mp3 in Resources */ = {isa = PBXBuildFile; fileRef = 599ED041B8A12CB7C57BFD64 /* bennie_celebration_25.mp3 */; };
		B8CD0638AD1D0936AD1B072F /* bennie_greeting_alexander.mp3 in Resources */ = {isa = PBXBuildFile; fileRef = 422654D7B723C7096029F955 /* bennie_greeting_alexander.mp3 */; };
		BAB747D8DFC3BABC151136F3 /* success_das_hast_du.mp3 in Resources */ = {isa = PBXBuildFile; fileRef = E03A9ABF74C6C87D19C2A072 /* success_das_hast_du.mp3 */; };
		BB9499A4BA015AB8E0955927 /* narrator_show_number_5.mp3 in Resources */ = {isa = PBXBuildFile; fileRef = 12027C2AADAE15F0F630787B /* narrator_show_number_5.mp3 */; };
		BS000001299E000100000001 /* BennieService.swift in Sources */ = {isa = PBXBuildFile; fileRef = BS000002299E000100000001 /* BennieService.swift */; };
		C18E5A79B0DF917EFD351C6D /* bennie_labyrinth_hint.mp3 in Resources */ = {isa = PBXBuildFile; fileRef = F942D5F1243EFE920D18D677 /* bennie_labyrinth_hint.mp3 */; };
		C1F69F92B73F6A50FE9362EB /* success_perfekt.mp3 in Resources */ = {isa = PBXBuildFile; fileRef = CBFA92C910D705249FC711FE /* success_perfekt.mp3 */; };
		C987A0A94AC035D16B0E6148 /* narrator_choose_number_9.mp3 in Resources */ = {isa = PBXBuildFile; fileRef = EAC1139646709041F4F40B30 /* narrator_choose_number_9.mp3 */; };
		CCF0D3E5A17790DFC1B4D5D1 /* bennie_treasure_over20.mp3 in Resources */ = {isa = PBXBuildFile; fileRef = 9386F0BE90DCA44AE8A8D679 /* bennie_treasure_over20.mp3 */; };
		CE8242B10D10011A45FA68BC /* narrator_player_question.mp3 in Resources */ = {isa = PBXBuildFile; fileRef = 8DFF5CDC83B7ED79E00E4083 /* narrator_player_question.mp3 */; };
		CFDEBBF75D56CD6B8CE548CC /* bennie_dice_hint_30s.mp3 in Resources */ = {isa = PBXBuildFile; fileRef = 1C97671DDEE0C87868BEB8A5 /* bennie_dice_hint_30s.mp3 */; };
		CFFED2EEDC89036CD2589655 /* success_ja_genau.mp3 in Resources */ = {isa = PBXBuildFile; fileRef = 9A748A74E4738E0DA2F24B2D /* success_ja_genau.mp3 */; };
		D1000001299E000100000001 /* Lottie in Frameworks */ = {isa = PBXBuildFile; productRef = D1000002299E000100000001 /* Lottie */; };
		D51446EB08BD07F6F7352B20 /* bennie_return_part2.mp3 in Resources */ = {isa = PBXBuildFile; fileRef = 7528A83C5059FBA9CA69BA08 /* bennie_return_part2.mp3 */; };
		E1000001299E000100000001 /* BennieColors.swift in Sources */ = {isa = PBXBuildFile; fileRef = E1000002299E000100000001 /* BennieColors.swift */; };
		E1000003299E000100000001 /* BennieTypography.swift in Sources */ = {isa = PBXBuildFile; fileRef = E1000004299E000100000001 /* BennieTypography.swift */; };
		EB0FB85753D928F8264042B1 /* bennie_wrong_number_6.mp3 in Resources */ = {isa = PBXBuildFile; fileRef = 99CFFA123F6E9C72391883FB /* bennie_wrong_number_6.mp3 */; };
		EF7134605D88DE3B99FB8F9E /* bennie_celebration_15.mp3 in Resources */ = {isa = PBXBuildFile; fileRef = 93E016E7FCD82484D686FDF7 /* bennie_celebration_15.mp3 */; };
		F1000001299E000100000001 /* ChildFriendlyButton.swift in Sources */ = {isa = PBXBuildFile; fileRef = F1000002299E000100000001 /* ChildFriendlyButton.swift */; };
		F1000003299E000100000001 /* WoodButton.swift in Sources */ = {isa = PBXBuildFile; fileRef = F1000004299E000100000001 /* WoodButton.swift */; };
		F1000005299E000100000001 /* WoodSign.swift in Sources */ = {isa = PBXBuildFile; fileRef = F1000006299E000100000001 /* WoodSign.swift */; };
		F1000007299E000100000001 /* ProgressBar.swift in Sources */ = {isa = PBXBuildFile; fileRef = F1000008299E000100000001 /* ProgressBar.swift */; };
		F1000009299E000100000001 /* ForestBackground.swift in Sources */ = {isa = PBXBuildFile; fileRef = F100000A299E000100000001 /* ForestBackground.swift */; };
		F2A6D8C6E7005990348C74B3 /* narrator_show_number_4.mp3 in Resources */ = {isa = PBXBuildFile; fileRef = 95683B6D0CB0292F7493C9C5 /* narrator_show_number_4.mp3 */; };
		F5028F53A2E41EFC26E2B63F /* bennie_celebration_10.mp3 in Resources */ = {isa = PBXBuildFile; fileRef = FA3679EEA50C11774C449A3F /* bennie_celebration_10.mp3 */; };
		F7D523F1E2E590C11EB7B834 /* bennie_wrong_number_4.mp3 in Resources */ = {isa = PBXBuildFile; fileRef = 3FDC3318AB6C586402205446 /* bennie_wrong_number_4.mp3 */; };
		FBFF94914233298F1621F4B4 /* bennie_return_part1.mp3 in Resources */ = {isa = PBXBuildFile; fileRef = B24953B619502183A8A02068 /* bennie_return_part1.mp3 */; };
		FF5B67B1CCE75A2464B0F2D2 /* narrator_labyrinth_start.mp3 in Resources */ = {isa = PBXBuildFile; fileRef = 626B3668D8DD09670107B548 /* narrator_labyrinth_start.mp3 */; };
		G1000001299E000100000001 /* GameState.swift in Sources */ = {isa = PBXBuildFile; fileRef = G1000002299E000100000001 /* GameState.swift */; };
		G1000003299E000100000001 /* PlayerData.swift in Sources */ = {isa = PBXBuildFile; fileRef = G1000004299E000100000001 /* PlayerData.swift */; };
		G1000005299E000100000001 /* PlayerStore.swift in Sources */ = {isa = PBXBuildFile; fileRef = G1000006299E000100000001 /* PlayerStore.swift */; };
		H1000001299E000100000001 /* LoadingView.swift in Sources */ = {isa = PBXBuildFile; fileRef = H1000002299E000100000001 /* LoadingView.swift */; };
		H1000003299E000100000001 /* PlayerSelectionView.swift in Sources */ = {isa = PBXBuildFile; fileRef = H1000004299E000100000001 /* PlayerSelectionView.swift */; };
		H1000005299E000100000001 /* HomeView.swift in Sources */ = {isa = PBXBuildFile; fileRef = H1000006299E000100000001 /* HomeView.swift */; };
		I1000001299E000100000001 /* RaetselSelectionView.swift in Sources */ = {isa = PBXBuildFile; fileRef = I1000002299E000100000001 /* RaetselSelectionView.swift */; };
		I1000003299E000100000001 /* ZahlenSelectionView.swift in Sources */ = {isa = PBXBuildFile; fileRef = I1000004299E000100000001 /* ZahlenSelectionView.swift */; };
		I1000005299E000100000001 /* TreasureView.swift in Sources */ = {isa = PBXBuildFile; fileRef = I1000006299E000100000001 /* TreasureView.swift */; };
		I1000007299E000100000001 /* ParentGateView.swift in Sources */ = {isa = PBXBuildFile; fileRef = I1000008299E000100000001 /* ParentGateView.swift */; };
		J1000001299E000100000001 /* PuzzleMatchingView.swift in Sources */ = {isa = PBXBuildFile; fileRef = J1000002299E000100000001 /* PuzzleMatchingView.swift */; };
		J1000003299E000100000001 /* LabyrinthView.swift in Sources */ = {isa = PBXBuildFile; fileRef = J1000004299E000100000001 /* LabyrinthView.swift */; };
		K1000001299E000100000001 /* WuerfelView.swift in Sources */ = {isa = PBXBuildFile; fileRef = K1000002299E000100000001 /* WuerfelView.swift */; };
		K1000003299E000100000001 /* WaehleZahlView.swift in Sources */ = {isa = PBXBuildFile; fileRef = K1000004299E000100000001 /* WaehleZahlView.swift */; };
		L1000001299E000100000001 /* CoinFlyAnimation.swift in Sources */ = {isa = PBXBuildFile; fileRef = L1000002299E000100000001 /* CoinFlyAnimation.swift */; };
		M1000001299E000100000001 /* CelebrationOverlay.swift in Sources */ = {isa = PBXBuildFile; fileRef = M1000002299E000100000001 /* CelebrationOverlay.swift */; };
		MB000001299E000100000001 /* MuteButton.swift in Sources */ = {isa = PBXBuildFile; fileRef = MB000002299E000100000001 /* MuteButton.swift */; };
		N1000001299E000100000001 /* VideoSelectionView.swift in Sources */ = {isa = PBXBuildFile; fileRef = N1000002299E000100000001 /* VideoSelectionView.swift */; };
		N1000003299E000100000001 /* VideoPlayerView.swift in Sources */ = {isa = PBXBuildFile; fileRef = N1000004299E000100000001 /* VideoPlayerView.swift */; };
		NS000001299E000100000001 /* NarratorService.swift in Sources */ = {isa = PBXBuildFile; fileRef = NS000002299E000100000001 /* NarratorService.swift */; };
		PD000001299E000100000001 /* ParentDashboardView.swift in Sources */ = {isa = PBXBuildFile; fileRef = PD000002299E000100000001 /* ParentDashboardView.swift */; };
		PS000001299E000100000001 /* ParentSettings.swift in Sources */ = {isa = PBXBuildFile; fileRef = PS000002299E000100000001 /* ParentSettings.swift */; };
		SE000001299E000100000001 /* SoundEffects.swift in Sources */ = {isa = PBXBuildFile; fileRef = SE000002299E000100000001 /* SoundEffects.swift */; };
		TS000001299E000100000001 /* TimeSettingsView.swift in Sources */ = {isa = PBXBuildFile; fileRef = TS000002299E000100000001 /* TimeSettingsView.swift */; };
		VM000001299E000100000001 /* VideoManagementView.swift in Sources */ = {isa = PBXBuildFile; fileRef = VM000002299E000100000001 /* VideoManagementView.swift */; };
		VS000001299E000100000001 /* VideoStore.swift in Sources */ = {isa = PBXBuildFile; fileRef = VS000002299E000100000001 /* VideoStore.swift */; };
/* End PBXBuildFile section */

/* Begin PBXFileReference section */
		0083A7781A6799C34AC31D04 /* narrator_choose_number_2.mp3 */ = {isa = PBXFileReference; includeInIndex = 1; lastKnownFileType = audio.mp3; path = narrator_choose_number_2.mp3; sourceTree = "<group>"; };
		039280D18A0E9799BF920F04 /* bennie_celebration_5.mp3 */ = {isa = PBXFileReference; includeInIndex = 1; lastKnownFileType = audio.mp3; path = bennie_celebration_5.mp3; sourceTree = "<group>"; };
		068D660524F10A2EF15F1B91 /* narrator_choose_number_4.mp3 */ = {isa = PBXFileReference; includeInIndex = 1; lastKnownFileType = audio.mp3; path = narrator_choose_number_4.mp3; sourceTree = "<group>"; };
		12027C2AADAE15F0F630787B /* narrator_show_number_5.mp3 */ = {isa = PBXFileReference; includeInIndex = 1; lastKnownFileType = audio.mp3; path = narrator_show_number_5.mp3; sourceTree = "<group>"; };
		145DE9C49D47F668D5F8A886 /* narrator_choose_number_7.mp3 */ = {isa = PBXFileReference; includeInIndex = 1; lastKnownFileType = audio.mp3; path = narrator_choose_number_7.mp3; sourceTree = "<group>"; };
		170775ABC754DEEE9D2009A7 /* bennie_video_time_up.mp3 */ = {isa = PBXFileReference; includeInIndex = 1; lastKnownFileType = audio.mp3; path = bennie_video_time_up.mp3; sourceTree = "<group>"; };
		1C97671DDEE0C87868BEB8A5 /* bennie_dice_hint_30s.mp3 */ = {isa = PBXFileReference; includeInIndex = 1; lastKnownFileType = audio.mp3; path = bennie_dice_hint_30s.mp3; sourceTree = "<group>"; };
		25BFE1A29863F2DCE3E03F8D /* bennie_wrong_number_3.mp3 */ = {isa = PBXFileReference; includeInIndex = 1; lastKnownFileType = audio.mp3; path = bennie_wrong_number_3.mp3; sourceTree = "<group>"; };
		262E0F89D32A7F4A7CC6AF9E /* narrator_choose_number_6.mp3 */ = {isa = PBXFileReference; includeInIndex = 1; lastKnownFileType = audio.mp3; path = narrator_choose_number_6.mp3; sourceTree = "<group>"; };
		2801E0022980064CF8FDBB2D /* bennie_locked.mp3 */ = {isa = PBXFileReference; includeInIndex = 1; lastKnownFileType = audio.mp3; path = bennie_locked.mp3; sourceTree = "<group>"; };
		28112C77E235734CAA899A5D /* success_toll_gemacht.mp3 */ = {isa = PBXFileReference; includeInIndex = 1; lastKnownFileType = audio.mp3; path = success_toll_gemacht.mp3; sourceTree = "<group>"; };
		29C2F688FEAA73B7E6C3A048 /* bennie_wrong_number_5.mp3 */ = {isa = PBXFileReference; includeInIndex = 1; lastKnownFileType = audio.mp3; path = bennie_wrong_number_5.mp3; sourceTree = "<group>"; };
		2D4854BC3ED62F2EF4787AE2 /* bennie_treasure_10to19.mp3 */ = {isa = PBXFileReference; includeInIndex = 1; lastKnownFileType = audio.mp3; path = bennie_treasure_10to19.mp3; sourceTree = "<group>"; };
		329E861802F79DBC94091E67 /* bennie_choose_hint_10s.mp3 */ = {isa = PBXFileReference; includeInIndex = 1; lastKnownFileType = audio.mp3; path = bennie_choose_hint_10s.mp3; sourceTree = "<group>"; };
		368BB08F44B1F763A0B43E81 /* narrator_show_number_6.mp3 */ = {isa = PBXFileReference; includeInIndex = 1; lastKnownFileType = audio.mp3; path = narrator_show_number_6.mp3; sourceTree = "<group>"; };
		3A690B70FDAA6DF48530759D /* success_wunderbar.mp3 */ = {isa = PBXFileReference; includeInIndex = 1; lastKnownFileType = audio.mp3; path = success_wunderbar.mp3; sourceTree = "<group>"; };
		3FDC3318AB6C586402205446 /* bennie_wrong_number_4.mp3 */ = {isa = PBXFileReference; includeInIndex = 1; lastKnownFileType = audio.mp3; path = bennie_wrong_number_4.mp3; sourceTree = "<group>"; };
		422654D7B723C7096029F955 /* bennie_greeting_alexander.mp3 */ = {isa = PBXFileReference; includeInIndex = 1; lastKnownFileType = audio.mp3; path = bennie_greeting_alexander.mp3; sourceTree = "<group>"; };
		4531182C0C9B8A67802ECF29 /* narrator_film_ab.mp3 */ = {isa = PBXFileReference; includeInIndex = 1; lastKnownFileType = audio.mp3; path = narrator_film_ab.mp3; sourceTree = "<group>"; };
		46E291890C7E5B848DE0EE90 /* bennie_celebration_20.mp3 */ = {isa = PBXFileReference; includeInIndex = 1; lastKnownFileType = audio.mp3; path = bennie_celebration_20.mp3; sourceTree = "<group>"; };
		483EDAFDF49BB36111C9C082 /* bennie_wrong_number_2.mp3 */ = {isa = PBXFileReference; includeInIndex = 1; lastKnownFileType = audio.mp3; path = bennie_wrong_number_2.mp3; sourceTree = "<group>"; };
		599ED041B8A12CB7C57BFD64 /* bennie_celebration_25.mp3 */ = {isa = PBXFileReference; includeInIndex = 1; lastKnownFileType = audio.mp3; path = bennie_celebration_25.mp3; sourceTree = "<group>"; };
		5D8237C4F82D3B8631757E6C /* narrator_choose_number_10.mp3 */ = {isa = PBXFileReference; includeInIndex = 1; lastKnownFileType = audio.mp3; path = narrator_choose_number_10.mp3; sourceTree = "<group>"; };
		616952A0CD7AC96E66B15AE5 /* narrator_hello_alexander.mp3 */ = {isa = PBXFileReference; includeInIndex = 1; lastKnownFileType = audio.mp3; path = narrator_hello_alexander.mp3; sourceTree = "<group>"; };
		61E1178AFB81812BE6311237 /* bennie_labyrinth_wrong.mp3 */ = {isa = PBXFileReference; includeInIndex = 1; lastKnownFileType = audio.mp3; path = bennie_labyrinth_wrong.mp3; sourceTree = "<group>"; };
		626B3668D8DD09670107B548 /* narrator_labyrinth_start.mp3 */ = {isa = PBXFileReference; includeInIndex = 1; lastKnownFileType = audio.mp3; path = narrator_labyrinth_start.mp3; sourceTree = "<group>"; };
		6BEF6DB6560FB880CEF75FDF /* narrator_hello_oliver.mp3 */ = {isa = PBXFileReference; includeInIndex = 1; lastKnownFileType = audio.mp3; path = narrator_hello_oliver.mp3; sourceTree = "<group>"; };
		7528A83C5059FBA9CA69BA08 /* bennie_return_part2.mp3 */ = {isa = PBXFileReference; includeInIndex = 1; lastKnownFileType = audio.mp3; path = bennie_return_part2.mp3; sourceTree = "<group>"; };
		7CC7E1843A65F2012EA23F27 /* narrator_dice_start.mp3 */ = {isa = PBXFileReference; includeInIndex = 1; lastKnownFileType = audio.mp3; path = narrator_dice_start.mp3; sourceTree = "<group>"; };
		809E70B3061D468F747EFEA2 /* bennie_wrong_number_1.mp3 */ = {isa = PBXFileReference; includeInIndex = 1; lastKnownFileType = audio.mp3; path = bennie_wrong_number_1.mp3; sourceTree = "<group>"; };
		88C6E450727F07F3CF9471E3 /* bennie_dice_hint_10s.mp3 */ = {isa = PBXFileReference; includeInIndex = 1; lastKnownFileType = audio.mp3; path = bennie_dice_hint_10s.mp3; sourceTree = "<group>"; };
		89E9BC83EA767D197F7CE1DB /* bennie_celebration_30.mp3 */ = {isa = PBXFileReference; includeInIndex = 1; lastKnownFileType = audio.mp3; path = bennie_celebration_30.mp3; sourceTree = "<group>"; };
		8DFF5CDC83B7ED79E00E4083 /* narrator_player_question.mp3 */ = {isa = PBXFileReference; includeInIndex = 1; lastKnownFileType = audio.mp3; path = narrator_player_question.mp3; sourceTree = "<group>"; };
		917F01687AAA308D2E90CDA8 /* bennie_video_1min_warning.mp3 */ = {isa = PBXFileReference; includeInIndex = 1; lastKnownFileType = audio.mp3; path = bennie_video_1min_warning.mp3; sourceTree = "<group>"; };
		92DEAE2C903EC25F504EF12B /* success_bravo.mp3 */ = {isa = PBXFileReference; includeInIndex = 1; lastKnownFileType = audio.mp3; path = success_bravo.mp3; sourceTree = "<group>"; };
		9386F0BE90DCA44AE8A8D679 /* bennie_treasure_over20.mp3 */ = {isa = PBXFileReference; includeInIndex = 1; lastKnownFileType = audio.mp3; path = bennie_treasure_over20.mp3; sourceTree = "<group>"; };
		93E016E7FCD82484D686FDF7 /* bennie_celebration_15.mp3 */ = {isa = PBXFileReference; includeInIndex = 1; lastKnownFileType = audio.mp3; path = bennie_celebration_15.mp3; sourceTree = "<group>"; };
		95683B6D0CB0292F7493C9C5 /* narrator_show_number_4.mp3 */ = {isa = PBXFileReference; includeInIndex = 1; lastKnownFileType = audio.mp3; path = narrator_show_number_4.mp3; sourceTree = "<group>"; };
		96C9B02FA14DEB6958B8C4BC /* bennie_dice_hint_20s.mp3 */ = {isa = PBXFileReference; includeInIndex = 1; lastKnownFileType = audio.mp3; path = bennie_dice_hint_20s.mp3; sourceTree = "<group>"; };
		99CFFA123F6E9C72391883FB /* bennie_wrong_number_6.mp3 */ = {isa = PBXFileReference; includeInIndex = 1; lastKnownFileType = audio.mp3; path = bennie_wrong_number_6.mp3; sourceTree = "<group>"; };
		9A748A74E4738E0DA2F24B2D /* success_ja_genau.mp3 */ = {isa = PBXFileReference; includeInIndex = 1; lastKnownFileType = audio.mp3; path = success_ja_genau.mp3; sourceTree = "<group>"; };
		A1000002299E000100000001 /* BennieGameApp.swift */ = {isa = PBXFileReference; lastKnownFileType = sourcecode.swift; path = BennieGameApp.swift; sourceTree = "<group>"; };
		A1000004299E000100000001 /* ContentView.swift */ = {isa = PBXFileReference; lastKnownFileType = sourcecode.swift; path = ContentView.swift; sourceTree = "<group>"; };
		A1000006299E000100000001 /* Assets.xcassets */ = {isa = PBXFileReference; lastKnownFileType = folder.assetcatalog; path = Assets.xcassets; sourceTree = "<group>"; };
		A1000007299E000100000001 /* BennieGame.app */ = {isa = PBXFileReference; explicitFileType = wrapper.application; includeInIndex = 0; path = BennieGame.app; sourceTree = BUILT_PRODUCTS_DIR; };
		A1000008299E000100000001 /* Info.plist */ = {isa = PBXFileReference; lastKnownFileType = text.plist.xml; path = Info.plist; sourceTree = "<group>"; };
		ABA65F310A868846E959DD7D /* narrator_loading_complete.mp3 */ = {isa = PBXFileReference; includeInIndex = 1; lastKnownFileType = audio.mp3; path = narrator_loading_complete.mp3; sourceTree = "<group>"; };
		AM000002299E000100000001 /* AudioManager.swift */ = {isa = PBXFileReference; lastKnownFileType = sourcecode.swift; path = AudioManager.swift; sourceTree = "<group>"; };
		B1000002299E000100000001 /* AppCoordinator.swift */ = {isa = PBXFileReference; lastKnownFileType = sourcecode.swift; path = AppCoordinator.swift; sourceTree = "<group>"; };
		B1000004299E000100000001 /* Extensions.swift */ = {isa = PBXFileReference; lastKnownFileType = sourcecode.swift; path = Extensions.swift; sourceTree = "<group>"; };
		B24953B619502183A8A02068 /* bennie_return_part1.mp3 */ = {isa = PBXFileReference; includeInIndex = 1; lastKnownFileType = audio.mp3; path = bennie_return_part1.mp3; sourceTree = "<group>"; };
		B287DEF56632003E769879BD /* narrator_choose_number_5.mp3 */ = {isa = PBXFileReference; includeInIndex = 1; lastKnownFileType = audio.mp3; path = narrator_choose_number_5.mp3; sourceTree = "<group>"; };
		B94C2D01B335279828B9AA8A /* bennie_choose_hint_20s.mp3 */ = {isa = PBXFileReference; includeInIndex = 1; lastKnownFileType = audio.mp3; path = bennie_choose_hint_20s.mp3; sourceTree = "<group>"; };
		BAB0381D2DBF6D3ACC39825C /* narrator_show_number_2.mp3 */ = {isa = PBXFileReference; includeInIndex = 1; lastKnownFileType = audio.mp3; path = narrator_show_number_2.mp3; sourceTree = "<group>"; };
		BCB40E020D85AC09CFD59D57 /* narrator_choose_number_3.mp3 */ = {isa = PBXFileReference; includeInIndex = 1; lastKnownFileType = audio.mp3; path = narrator_choose_number_3.mp3; sourceTree = "<group>"; };
		BF5936987739D38AA30AE16C /* narrator_choose_number_1.mp3 */ = {isa = PBXFileReference; includeInIndex = 1; lastKnownFileType = audio.mp3; path = narrator_choose_number_1.mp3; sourceTree = "<group>"; };
		BF8237DA319D411265A357BD /* bennie_puzzle_start.mp3 */ = {isa = PBXFileReference; includeInIndex = 1; lastKnownFileType = audio.mp3; path = bennie_puzzle_start.mp3; sourceTree = "<group>"; };
		BS000002299E000100000001 /* BennieService.swift */ = {isa = PBXFileReference; lastKnownFileType = sourcecode.swift; path = BennieService.swift; sourceTree = "<group>"; };
		CAB1F8FE772F0E953E551B3A /* narrator_show_number_3.mp3 */ = {isa = PBXFileReference; includeInIndex = 1; lastKnownFileType = audio.mp3; path = narrator_show_number_3.mp3; sourceTree = "<group>"; };
		CBFA92C910D705249FC711FE /* success_perfekt.mp3 */ = {isa = PBXFileReference; includeInIndex = 1; lastKnownFileType = audio.mp3; path = success_perfekt.mp3; sourceTree = "<group>"; };
		CD3E4B0F1221947B58D9E4BB /* narrator_home_question.mp3 */ = {isa = PBXFileReference; includeInIndex = 1; lastKnownFileType = audio.mp3; path = narrator_home_question.mp3; sourceTree = "<group>"; };
		CDD407866B887C65E6CC2CBF /* bennie_labyrinth_start.mp3 */ = {isa = PBXFileReference; includeInIndex = 1; lastKnownFileType = audio.mp3; path = bennie_labyrinth_start.mp3; sourceTree = "<group>"; };
		D0037815340A2A4389D2A695 /* bennie_puzzle_hint_10s.mp3 */ = {isa = PBXFileReference; includeInIndex = 1; lastKnownFileType = audio.mp3; path = bennie_puzzle_hint_10s.mp3; sourceTree = "<group>"; };
		D278F09D95FB23DFACEC3B2F /* narrator_choose_number_8.mp3 */ = {isa = PBXFileReference; includeInIndex = 1; lastKnownFileType = audio.mp3; path = narrator_choose_number_8.mp3; sourceTree = "<group>"; };
		D7138E37ED8DFAD81C053C28 /* narrator_show_number_1.mp3 */ = {isa = PBXFileReference; includeInIndex = 1; lastKnownFileType = audio.mp3; path = narrator_show_number_1.mp3; sourceTree = "<group>"; };
		E03A9ABF74C6C87D19C2A072 /* success_das_hast_du.mp3 */ = {isa = PBXFileReference; includeInIndex = 1; lastKnownFileType = audio.mp3; path = success_das_hast_du.mp3; sourceTree = "<group>"; };
		E1000002299E000100000001 /* BennieColors.swift */ = {isa = PBXFileReference; lastKnownFileType = sourcecode.swift; path = BennieColors.swift; sourceTree = "<group>"; };
		E1000004299E000100000001 /* BennieTypography.swift */ = {isa = PBXFileReference; lastKnownFileType = sourcecode.swift; path = BennieTypography.swift; sourceTree = "<group>"; };
		E282C64BB8597DC4381BB95E /* narrator_puzzle_start.mp3 */ = {isa = PBXFileReference; includeInIndex = 1; lastKnownFileType = audio.mp3; path = narrator_puzzle_start.mp3; sourceTree = "<group>"; };
		EAC1139646709041F4F40B30 /* narrator_choose_number_9.mp3 */ = {isa = PBXFileReference; includeInIndex = 1; lastKnownFileType = audio.mp3; path = narrator_choose_number_9.mp3; sourceTree = "<group>"; };
		EB1F81FEED02FF40A5B629D7 /* success_super.mp3 */ = {isa = PBXFileReference; includeInIndex = 1; lastKnownFileType = audio.mp3; path = success_super.mp3; sourceTree = "<group>"; };
		ED20AFED2B64F6DBAB670919 /* bennie_treasure_under10.mp3 */ = {isa = PBXFileReference; includeInIndex = 1; lastKnownFileType = audio.mp3; path = bennie_treasure_under10.mp3; sourceTree = "<group>"; };
		F1000002299E000100000001 /* ChildFriendlyButton.swift */ = {isa = PBXFileReference; lastKnownFileType = sourcecode.swift; path = ChildFriendlyButton.swift; sourceTree = "<group>"; };
		F1000004299E000100000001 /* WoodButton.swift */ = {isa = PBXFileReference; lastKnownFileType = sourcecode.swift; path = WoodButton.swift; sourceTree = "<group>"; };
		F1000006299E000100000001 /* WoodSign.swift */ = {isa = PBXFileReference; lastKnownFileType = sourcecode.swift; path = WoodSign.swift; sourceTree = "<group>"; };
		F1000008299E000100000001 /* ProgressBar.swift */ = {isa = PBXFileReference; lastKnownFileType = sourcecode.swift; path = ProgressBar.swift; sourceTree = "<group>"; };
		F100000A299E000100000001 /* ForestBackground.swift */ = {isa = PBXFileReference; lastKnownFileType = sourcecode.swift; path = ForestBackground.swift; sourceTree = "<group>"; };
		F60DCB786EA4CCEFC39F1643 /* bennie_puzzle_hint_20s.mp3 */ = {isa = PBXFileReference; includeInIndex = 1; lastKnownFileType = audio.mp3; path = bennie_puzzle_hint_20s.mp3; sourceTree = "<group>"; };
		F942D5F1243EFE920D18D677 /* bennie_labyrinth_hint.mp3 */ = {isa = PBXFileReference; includeInIndex = 1; lastKnownFileType = audio.mp3; path = bennie_labyrinth_hint.mp3; sourceTree = "<group>"; };
		FA3679EEA50C11774C449A3F /* bennie_celebration_10.mp3 */ = {isa = PBXFileReference; includeInIndex = 1; lastKnownFileType = audio.mp3; path = bennie_celebration_10.mp3; sourceTree = "<group>"; };
		FABC0F92AAA7D9A4216575F9 /* bennie_greeting_oliver.mp3 */ = {isa = PBXFileReference; includeInIndex = 1; lastKnownFileType = audio.mp3; path = bennie_greeting_oliver.mp3; sourceTree = "<group>"; };
		FBDA8BF945838A7BC011D82A /* bennie_greeting_part2.mp3 */ = {isa = PBXFileReference; includeInIndex = 1; lastKnownFileType = audio.mp3; path = bennie_greeting_part2.mp3; sourceTree = "<group>"; };
		G1000002299E000100000001 /* GameState.swift */ = {isa = PBXFileReference; lastKnownFileType = sourcecode.swift; path = GameState.swift; sourceTree = "<group>"; };
		G1000004299E000100000001 /* PlayerData.swift */ = {isa = PBXFileReference; lastKnownFileType = sourcecode.swift; path = PlayerData.swift; sourceTree = "<group>"; };
		G1000006299E000100000001 /* PlayerStore.swift */ = {isa = PBXFileReference; lastKnownFileType = sourcecode.swift; path = PlayerStore.swift; sourceTree = "<group>"; };
		H1000002299E000100000001 /* LoadingView.swift */ = {isa = PBXFileReference; lastKnownFileType = sourcecode.swift; path = LoadingView.swift; sourceTree = "<group>"; };
		H1000004299E000100000001 /* PlayerSelectionView.swift */ = {isa = PBXFileReference; lastKnownFileType = sourcecode.swift; path = PlayerSelectionView.swift; sourceTree = "<group>"; };
		H1000006299E000100000001 /* HomeView.swift */ = {isa = PBXFileReference; lastKnownFileType = sourcecode.swift; path = HomeView.swift; sourceTree = "<group>"; };
		I1000002299E000100000001 /* RaetselSelectionView.swift */ = {isa = PBXFileReference; lastKnownFileType = sourcecode.swift; path = RaetselSelectionView.swift; sourceTree = "<group>"; };
		I1000004299E000100000001 /* ZahlenSelectionView.swift */ = {isa = PBXFileReference; lastKnownFileType = sourcecode.swift; path = ZahlenSelectionView.swift; sourceTree = "<group>"; };
		I1000006299E000100000001 /* TreasureView.swift */ = {isa = PBXFileReference; lastKnownFileType = sourcecode.swift; path = TreasureView.swift; sourceTree = "<group>"; };
		I1000008299E000100000001 /* ParentGateView.swift */ = {isa = PBXFileReference; lastKnownFileType = sourcecode.swift; path = ParentGateView.swift; sourceTree = "<group>"; };
		J1000002299E000100000001 /* PuzzleMatchingView.swift */ = {isa = PBXFileReference; lastKnownFileType = sourcecode.swift; path = PuzzleMatchingView.swift; sourceTree = "<group>"; };
		J1000004299E000100000001 /* LabyrinthView.swift */ = {isa = PBXFileReference; lastKnownFileType = sourcecode.swift; path = LabyrinthView.swift; sourceTree = "<group>"; };
		K1000002299E000100000001 /* WuerfelView.swift */ = {isa = PBXFileReference; lastKnownFileType = sourcecode.swift; path = WuerfelView.swift; sourceTree = "<group>"; };
		K1000004299E000100000001 /* WaehleZahlView.swift */ = {isa = PBXFileReference; lastKnownFileType = sourcecode.swift; path = WaehleZahlView.swift; sourceTree = "<group>"; };
		L1000002299E000100000001 /* CoinFlyAnimation.swift */ = {isa = PBXFileReference; lastKnownFileType = sourcecode.swift; path = CoinFlyAnimation.swift; sourceTree = "<group>"; };
		M1000002299E000100000001 /* CelebrationOverlay.swift */ = {isa = PBXFileReference; lastKnownFileType = sourcecode.swift; path = CelebrationOverlay.swift; sourceTree = "<group>"; };
		MB000002299E000100000001 /* MuteButton.swift */ = {isa = PBXFileReference; lastKnownFileType = sourcecode.swift; path = MuteButton.swift; sourceTree = "<group>"; };
		N1000002299E000100000001 /* VideoSelectionView.swift */ = {isa = PBXFileReference; lastKnownFileType = sourcecode.swift; path = VideoSelectionView.swift; sourceTree = "<group>"; };
		N1000004299E000100000001 /* VideoPlayerView.swift */ = {isa = PBXFileReference; lastKnownFileType = sourcecode.swift; path = VideoPlayerView.swift; sourceTree = "<group>"; };
		NS000002299E000100000001 /* NarratorService.swift */ = {isa = PBXFileReference; lastKnownFileType = sourcecode.swift; path = NarratorService.swift; sourceTree = "<group>"; };
		PD000002299E000100000001 /* ParentDashboardView.swift */ = {isa = PBXFileReference; lastKnownFileType = sourcecode.swift; path = ParentDashboardView.swift; sourceTree = "<group>"; };
		PS000002299E000100000001 /* ParentSettings.swift */ = {isa = PBXFileReference; lastKnownFileType = sourcecode.swift; path = ParentSettings.swift; sourceTree = "<group>"; };
		SE000002299E000100000001 /* SoundEffects.swift */ = {isa = PBXFileReference; lastKnownFileType = sourcecode.swift; path = SoundEffects.swift; sourceTree = "<group>"; };
		TS000002299E000100000001 /* TimeSettingsView.swift */ = {isa = PBXFileReference; lastKnownFileType = sourcecode.swift; path = TimeSettingsView.swift; sourceTree = "<group>"; };
		VM000002299E000100000001 /* VideoManagementView.swift */ = {isa = PBXFileReference; lastKnownFileType = sourcecode.swift; path = VideoManagementView.swift; sourceTree = "<group>"; };
		VS000002299E000100000001 /* VideoStore.swift */ = {isa = PBXFileReference; lastKnownFileType = sourcecode.swift; path = VideoStore.swift; sourceTree = "<group>"; };
/* End PBXFileReference section */

/* Begin PBXFrameworksBuildPhase section */
		A1000009299E000100000001 /* Frameworks */ = {
			isa = PBXFrameworksBuildPhase;
			buildActionMask = 2147483647;
			files = (
				D1000001299E000100000001 /* Lottie in Frameworks */,
			);
			runOnlyForDeploymentPostprocessing = 0;
		};
/* End PBXFrameworksBuildPhase section */

/* Begin PBXGroup section */
		426C8E4C1E5F7C96C1F726BC /* Success */ = {
			isa = PBXGroup;
			children = (
				92DEAE2C903EC25F504EF12B /* success_bravo.mp3 */,
				E03A9ABF74C6C87D19C2A072 /* success_das_hast_du.mp3 */,
				9A748A74E4738E0DA2F24B2D /* success_ja_genau.mp3 */,
				CBFA92C910D705249FC711FE /* success_perfekt.mp3 */,
				EB1F81FEED02FF40A5B629D7 /* success_super.mp3 */,
				28112C77E235734CAA899A5D /* success_toll_gemacht.mp3 */,
				3A690B70FDAA6DF48530759D /* success_wunderbar.mp3 */,
			);
			name = Success;
			path = Success;
			sourceTree = "<group>";
		};
		56BCF0273BA05B2DF896E528 /* Voice */ = {
			isa = PBXGroup;
			children = (
				F4F30BCCBF6DFAD631CF9D0F /* Narrator */,
				810D37C43B3FC570A1C4D949 /* Bennie */,
				426C8E4C1E5F7C96C1F726BC /* Success */,
			);
			name = Voice;
			path = Voice;
			sourceTree = "<group>";
		};
		810D37C43B3FC570A1C4D949 /* Bennie */ = {
			isa = PBXGroup;
			children = (
				FA3679EEA50C11774C449A3F /* bennie_celebration_10.mp3 */,
				93E016E7FCD82484D686FDF7 /* bennie_celebration_15.mp3 */,
				46E291890C7E5B848DE0EE90 /* bennie_celebration_20.mp3 */,
				599ED041B8A12CB7C57BFD64 /* bennie_celebration_25.mp3 */,
				89E9BC83EA767D197F7CE1DB /* bennie_celebration_30.mp3 */,
				039280D18A0E9799BF920F04 /* bennie_celebration_5.mp3 */,
				329E861802F79DBC94091E67 /* bennie_choose_hint_10s.mp3 */,
				B94C2D01B335279828B9AA8A /* bennie_choose_hint_20s.mp3 */,
				88C6E450727F07F3CF9471E3 /* bennie_dice_hint_10s.mp3 */,
				96C9B02FA14DEB6958B8C4BC /* bennie_dice_hint_20s.mp3 */,
				1C97671DDEE0C87868BEB8A5 /* bennie_dice_hint_30s.mp3 */,
				422654D7B723C7096029F955 /* bennie_greeting_alexander.mp3 */,
				FABC0F92AAA7D9A4216575F9 /* bennie_greeting_oliver.mp3 */,
				FBDA8BF945838A7BC011D82A /* bennie_greeting_part2.mp3 */,
				F942D5F1243EFE920D18D677 /* bennie_labyrinth_hint.mp3 */,
				CDD407866B887C65E6CC2CBF /* bennie_labyrinth_start.mp3 */,
				61E1178AFB81812BE6311237 /* bennie_labyrinth_wrong.mp3 */,
				2801E0022980064CF8FDBB2D /* bennie_locked.mp3 */,
				D0037815340A2A4389D2A695 /* bennie_puzzle_hint_10s.mp3 */,
				F60DCB786EA4CCEFC39F1643 /* bennie_puzzle_hint_20s.mp3 */,
				BF8237DA319D411265A357BD /* bennie_puzzle_start.mp3 */,
				B24953B619502183A8A02068 /* bennie_return_part1.mp3 */,
				7528A83C5059FBA9CA69BA08 /* bennie_return_part2.mp3 */,
				2D4854BC3ED62F2EF4787AE2 /* bennie_treasure_10to19.mp3 */,
				9386F0BE90DCA44AE8A8D679 /* bennie_treasure_over20.mp3 */,
				ED20AFED2B64F6DBAB670919 /* bennie_treasure_under10.mp3 */,
				917F01687AAA308D2E90CDA8 /* bennie_video_1min_warning.mp3 */,
				170775ABC754DEEE9D2009A7 /* bennie_video_time_up.mp3 */,
				809E70B3061D468F747EFEA2 /* bennie_wrong_number_1.mp3 */,
				483EDAFDF49BB36111C9C082 /* bennie_wrong_number_2.mp3 */,
				25BFE1A29863F2DCE3E03F8D /* bennie_wrong_number_3.mp3 */,
				3FDC3318AB6C586402205446 /* bennie_wrong_number_4.mp3 */,
				29C2F688FEAA73B7E6C3A048 /* bennie_wrong_number_5.mp3 */,
				99CFFA123F6E9C72391883FB /* bennie_wrong_number_6.mp3 */,
			);
			name = Bennie;
			path = Bennie;
			sourceTree = "<group>";
		};
		A100000A299E000100000001 = {
			isa = PBXGroup;
			children = (
				A100000B299E000100000001 /* BennieGame */,
				A100000C299E000100000001 /* Products */,
			);
			sourceTree = "<group>";
		};
		A100000B299E000100000001 /* BennieGame */ = {
			isa = PBXGroup;
			children = (
				C1000001299E000100000001 /* App */,
				C1000002299E000100000001 /* Core */,
				C1000003299E000100000001 /* Features */,
				C1000004299E000100000001 /* Design */,
				C1000005299E000100000001 /* Resources */,
				A1000008299E000100000001 /* Info.plist */,
			);
			path = BennieGame;
			sourceTree = "<group>";
		};
		A100000C299E000100000001 /* Products */ = {
			isa = PBXGroup;
			children = (
				A1000007299E000100000001 /* BennieGame.app */,
			);
			name = Products;
			sourceTree = "<group>";
		};
		C1000001299E000100000001 /* App */ = {
			isa = PBXGroup;
			children = (
				A1000002299E000100000001 /* BennieGameApp.swift */,
				A1000004299E000100000001 /* ContentView.swift */,
				B1000002299E000100000001 /* AppCoordinator.swift */,
			);
			path = App;
			sourceTree = "<group>";
		};
		C1000002299E000100000001 /* Core */ = {
			isa = PBXGroup;
			children = (
				C1000006299E000100000001 /* State */,
				C1000007299E000100000001 /* Services */,
				C1000008299E000100000001 /* Utilities */,
			);
			path = Core;
			sourceTree = "<group>";
		};
		C1000003299E000100000001 /* Features */ = {
			isa = PBXGroup;
			children = (
				C1000009299E000100000001 /* Loading */,
				C100000A299E000100000001 /* PlayerSelection */,
				C100000B299E000100000001 /* Home */,
				C100000C299E000100000001 /* Activities */,
				C100000D299E000100000001 /* Celebration */,
				C100000E299E000100000001 /* Treasure */,
				C100000F299E000100000001 /* Video */,
				C1000010299E000100000001 /* Parent */,
			);
			path = Features;
			sourceTree = "<group>";
		};
		C1000004299E000100000001 /* Design */ = {
			isa = PBXGroup;
			children = (
				C1000011299E000100000001 /* Theme */,
				C1000012299E000100000001 /* Components */,
				C1000013299E000100000001 /* Characters */,
				C1000014299E000100000001 /* Layout */,
			);
			path = Design;
			sourceTree = "<group>";
		};
		C1000005299E000100000001 /* Resources */ = {
			isa = PBXGroup;
			children = (
				A1000006299E000100000001 /* Assets.xcassets */,
				C1000015299E000100000001 /* Lottie */,
				C1000016299E000100000001 /* Audio */,
			);
			path = Resources;
			sourceTree = "<group>";
		};
		C1000006299E000100000001 /* State */ = {
			isa = PBXGroup;
			children = (
				G1000002299E000100000001 /* GameState.swift */,
				G1000004299E000100000001 /* PlayerData.swift */,
				G1000006299E000100000001 /* PlayerStore.swift */,
			);
			path = State;
			sourceTree = "<group>";
		};
		C1000007299E000100000001 /* Services */ = {
			isa = PBXGroup;
			children = (
				AM000002299E000100000001 /* AudioManager.swift */,
				BS000002299E000100000001 /* BennieService.swift */,
				NS000002299E000100000001 /* NarratorService.swift */,
				SE000002299E000100000001 /* SoundEffects.swift */,
				VS000002299E000100000001 /* VideoStore.swift */,
				PS000002299E000100000001 /* ParentSettings.swift */,
			);
			path = Services;
			sourceTree = "<group>";
		};
		C1000008299E000100000001 /* Utilities */ = {
			isa = PBXGroup;
			children = (
				B1000004299E000100000001 /* Extensions.swift */,
			);
			path = Utilities;
			sourceTree = "<group>";
		};
		C1000009299E000100000001 /* Loading */ = {
			isa = PBXGroup;
			children = (
				H1000002299E000100000001 /* LoadingView.swift */,
			);
			path = Loading;
			sourceTree = "<group>";
		};
		C100000A299E000100000001 /* PlayerSelection */ = {
			isa = PBXGroup;
			children = (
				H1000004299E000100000001 /* PlayerSelectionView.swift */,
			);
			path = PlayerSelection;
			sourceTree = "<group>";
		};
		C100000B299E000100000001 /* Home */ = {
			isa = PBXGroup;
			children = (
				H1000006299E000100000001 /* HomeView.swift */,
			);
			path = Home;
			sourceTree = "<group>";
		};
		C100000C299E000100000001 /* Activities */ = {
			isa = PBXGroup;
			children = (
				I100000A299E000100000001 /* Raetsel */,
				I100000B299E000100000001 /* Zahlen */,
			);
			path = Activities;
			sourceTree = "<group>";
		};
		C100000D299E000100000001 /* Celebration */ = {
			isa = PBXGroup;
			children = (
				M1000002299E000100000001 /* CelebrationOverlay.swift */,
			);
			path = Celebration;
			sourceTree = "<group>";
		};
		C100000E299E000100000001 /* Treasure */ = {
			isa = PBXGroup;
			children = (
				I1000006299E000100000001 /* TreasureView.swift */,
			);
			path = Treasure;
			sourceTree = "<group>";
		};
		C100000F299E000100000001 /* Video */ = {
			isa = PBXGroup;
			children = (
				N1000002299E000100000001 /* VideoSelectionView.swift */,
				N1000004299E000100000001 /* VideoPlayerView.swift */,
			);
			path = Video;
			sourceTree = "<group>";
		};
		C1000010299E000100000001 /* Parent */ = {
			isa = PBXGroup;
			children = (
				I1000008299E000100000001 /* ParentGateView.swift */,
				PD000002299E000100000001 /* ParentDashboardView.swift */,
				VM000002299E000100000001 /* VideoManagementView.swift */,
				TS000002299E000100000001 /* TimeSettingsView.swift */,
			);
			path = Parent;
			sourceTree = "<group>";
		};
		C1000011299E000100000001 /* Theme */ = {
			isa = PBXGroup;
			children = (
				E1000002299E000100000001 /* BennieColors.swift */,
				E1000004299E000100000001 /* BennieTypography.swift */,
			);
			path = Theme;
			sourceTree = "<group>";
		};
		C1000012299E000100000001 /* Components */ = {
			isa = PBXGroup;
			children = (
				F1000002299E000100000001 /* ChildFriendlyButton.swift */,
				F1000004299E000100000001 /* WoodButton.swift */,
				F1000006299E000100000001 /* WoodSign.swift */,
				F1000008299E000100000001 /* ProgressBar.swift */,
				F100000A299E000100000001 /* ForestBackground.swift */,
				L1000002299E000100000001 /* CoinFlyAnimation.swift */,
				MB000002299E000100000001 /* MuteButton.swift */,
			);
			path = Components;
			sourceTree = "<group>";
		};
		C1000013299E000100000001 /* Characters */ = {
			isa = PBXGroup;
			children = (
			);
			path = Characters;
			sourceTree = "<group>";
		};
		C1000014299E000100000001 /* Layout */ = {
			isa = PBXGroup;
			children = (
			);
			path = Layout;
			sourceTree = "<group>";
		};
		C1000015299E000100000001 /* Lottie */ = {
			isa = PBXGroup;
			children = (
			);
			path = Lottie;
			sourceTree = "<group>";
		};
		C1000016299E000100000001 /* Audio */ = {
			isa = PBXGroup;
			children = (
				C1000017299E000100000001 /* Narrator */,
				C1000018299E000100000001 /* Bennie */,
				C1000019299E000100000001 /* Music */,
				C100001A299E000100000001 /* Effects */,
				56BCF0273BA05B2DF896E528 /* Voice */,
			);
			path = Audio;
			sourceTree = "<group>";
		};
		C1000017299E000100000001 /* Narrator */ = {
			isa = PBXGroup;
			children = (
			);
			path = Narrator;
			sourceTree = "<group>";
		};
		C1000018299E000100000001 /* Bennie */ = {
			isa = PBXGroup;
			children = (
			);
			path = Bennie;
			sourceTree = "<group>";
		};
		C1000019299E000100000001 /* Music */ = {
			isa = PBXGroup;
			children = (
			);
			path = Music;
			sourceTree = "<group>";
		};
		C100001A299E000100000001 /* Effects */ = {
			isa = PBXGroup;
			children = (
			);
			path = Effects;
			sourceTree = "<group>";
		};
		F4F30BCCBF6DFAD631CF9D0F /* Narrator */ = {
			isa = PBXGroup;
			children = (
				BF5936987739D38AA30AE16C /* narrator_choose_number_1.mp3 */,
				5D8237C4F82D3B8631757E6C /* narrator_choose_number_10.mp3 */,
				0083A7781A6799C34AC31D04 /* narrator_choose_number_2.mp3 */,
				BCB40E020D85AC09CFD59D57 /* narrator_choose_number_3.mp3 */,
				068D660524F10A2EF15F1B91 /* narrator_choose_number_4.mp3 */,
				B287DEF56632003E769879BD /* narrator_choose_number_5.mp3 */,
				262E0F89D32A7F4A7CC6AF9E /* narrator_choose_number_6.mp3 */,
				145DE9C49D47F668D5F8A886 /* narrator_choose_number_7.mp3 */,
				D278F09D95FB23DFACEC3B2F /* narrator_choose_number_8.mp3 */,
				EAC1139646709041F4F40B30 /* narrator_choose_number_9.mp3 */,
				7CC7E1843A65F2012EA23F27 /* narrator_dice_start.mp3 */,
				4531182C0C9B8A67802ECF29 /* narrator_film_ab.mp3 */,
				616952A0CD7AC96E66B15AE5 /* narrator_hello_alexander.mp3 */,
				6BEF6DB6560FB880CEF75FDF /* narrator_hello_oliver.mp3 */,
				CD3E4B0F1221947B58D9E4BB /* narrator_home_question.mp3 */,
				626B3668D8DD09670107B548 /* narrator_labyrinth_start.mp3 */,
				ABA65F310A868846E959DD7D /* narrator_loading_complete.mp3 */,
				8DFF5CDC83B7ED79E00E4083 /* narrator_player_question.mp3 */,
				E282C64BB8597DC4381BB95E /* narrator_puzzle_start.mp3 */,
				D7138E37ED8DFAD81C053C28 /* narrator_show_number_1.mp3 */,
				BAB0381D2DBF6D3ACC39825C /* narrator_show_number_2.mp3 */,
				CAB1F8FE772F0E953E551B3A /* narrator_show_number_3.mp3 */,
				95683B6D0CB0292F7493C9C5 /* narrator_show_number_4.mp3 */,
				12027C2AADAE15F0F630787B /* narrator_show_number_5.mp3 */,
				368BB08F44B1F763A0B43E81 /* narrator_show_number_6.mp3 */,
			);
			name = Narrator;
			path = Narrator;
			sourceTree = "<group>";
		};
		I100000A299E000100000001 /* Raetsel */ = {
			isa = PBXGroup;
			children = (
				I1000002299E000100000001 /* RaetselSelectionView.swift */,
				J1000002299E000100000001 /* PuzzleMatchingView.swift */,
				J1000004299E000100000001 /* LabyrinthView.swift */,
			);
			path = Raetsel;
			sourceTree = "<group>";
		};
		I100000B299E000100000001 /* Zahlen */ = {
			isa = PBXGroup;
			children = (
				I1000004299E000100000001 /* ZahlenSelectionView.swift */,
				K1000002299E000100000001 /* WuerfelView.swift */,
				K1000004299E000100000001 /* WaehleZahlView.swift */,
			);
			path = Zahlen;
			sourceTree = "<group>";
		};
/* End PBXGroup section */

/* Begin PBXNativeTarget section */
		A100000D299E000100000001 /* BennieGame */ = {
			isa = PBXNativeTarget;
			buildConfigurationList = A100000E299E000100000001 /* Build configuration list for PBXNativeTarget "BennieGame" */;
			buildPhases = (
				A100000F299E000100000001 /* Sources */,
				A1000009299E000100000001 /* Frameworks */,
				A1000010299E000100000001 /* Resources */,
			);
			buildRules = (
			);
			dependencies = (
			);
			name = BennieGame;
			packageProductDependencies = (
				D1000002299E000100000001 /* Lottie */,
			);
			productName = BennieGame;
			productReference = A1000007299E000100000001 /* BennieGame.app */;
			productType = "com.apple.product-type.application";
		};
/* End PBXNativeTarget section */

/* Begin PBXProject section */
		A1000011299E000100000001 /* Project object */ = {
			isa = PBXProject;
			attributes = {
				BuildIndependentTargetsInParallel = 1;
				LastSwiftUpdateCheck = 1500;
				LastUpgradeCheck = 1500;
				TargetAttributes = {
					A100000D299E000100000001 = {
						CreatedOnToolsVersion = 15.0;
					};
				};
			};
			buildConfigurationList = A1000012299E000100000001 /* Build configuration list for PBXProject "BennieGame" */;
			compatibilityVersion = "Xcode 14.0";
			developmentRegion = de;
			hasScannedForEncodings = 0;
			knownRegions = (
				de,
				Base,
			);
			mainGroup = A100000A299E000100000001;
			packageReferences = (
				D1000003299E000100000001 /* XCRemoteSwiftPackageReference "lottie-spm" */,
			);
			productRefGroup = A100000C299E000100000001 /* Products */;
			projectDirPath = "";
			projectRoot = "";
			targets = (
				A100000D299E000100000001 /* BennieGame */,
			);
		};
/* End PBXProject section */

/* Begin PBXResourcesBuildPhase section */
		A1000010299E000100000001 /* Resources */ = {
			isa = PBXResourcesBuildPhase;
			buildActionMask = 2147483647;
			files = (
				A1000005299E000100000001 /* Assets.xcassets in Resources */,
				368E1BDA63AC5C8AFE4B5B05 /* narrator_choose_number_1.mp3 in Resources */,
				3D743FCD89A9BBA7E524E588 /* narrator_choose_number_10.mp3 in Resources */,
				6AE12F556C7CBD72FD2DDFD1 /* narrator_choose_number_2.mp3 in Resources */,
				8088CCE7F60B2BB564D61F4B /* narrator_choose_number_3.mp3 in Resources */,
				0947AD00D928DECB1C0A8527 /* narrator_choose_number_4.mp3 in Resources */,
				8435A9CAF753E4A00602E7E5 /* narrator_choose_number_5.mp3 in Resources */,
				0CCE91368A47A8DA3871BDA7 /* narrator_choose_number_6.mp3 in Resources */,
				889D2328A5CD62EF9CFEAEAA /* narrator_choose_number_7.mp3 in Resources */,
				1665595928873704C5AD09B6 /* narrator_choose_number_8.mp3 in Resources */,
				C987A0A94AC035D16B0E6148 /* narrator_choose_number_9.mp3 in Resources */,
				412DD16E19A4597309EAA4C3 /* narrator_dice_start.mp3 in Resources */,
				7F34FE2AFC2A982ABB8B2A06 /* narrator_film_ab.mp3 in Resources */,
				B6A49E791B4944ABE142842E /* narrator_hello_alexander.mp3 in Resources */,
				492794B79403BE91B5BBFE92 /* narrator_hello_oliver.mp3 in Resources */,
				849F8FB9D94FE3C1738FA4BC /* narrator_home_question.mp3 in Resources */,
				FF5B67B1CCE75A2464B0F2D2 /* narrator_labyrinth_start.mp3 in Resources */,
				8AAFC2E36F5BE715B2BA7DD9 /* narrator_loading_complete.mp3 in Resources */,
				CE8242B10D10011A45FA68BC /* narrator_player_question.mp3 in Resources */,
				17EA11B46BC0EB5D34984C2D /* narrator_puzzle_start.mp3 in Resources */,
				7CF5D0B39E991359E512D8B7 /* narrator_show_number_1.mp3 in Resources */,
				700F16BF32DA53D8F629130B /* narrator_show_number_2.mp3 in Resources */,
				AE79CAAEB09B8C0CB40D7285 /* narrator_show_number_3.mp3 in Resources */,
				F2A6D8C6E7005990348C74B3 /* narrator_show_number_4.mp3 in Resources */,
				BB9499A4BA015AB8E0955927 /* narrator_show_number_5.mp3 in Resources */,
				42B2A03A89B9F5A132F456A7 /* narrator_show_number_6.mp3 in Resources */,
				F5028F53A2E41EFC26E2B63F /* bennie_celebration_10.mp3 in Resources */,
				EF7134605D88DE3B99FB8F9E /* bennie_celebration_15.mp3 in Resources */,
				37EBF1BF16CE9B37364A788E /* bennie_celebration_20.mp3 in Resources */,
				B83B38203EA32FB86D26D005 /* bennie_celebration_25.mp3 in Resources */,
				1898B2C54B208F2368431BCA /* bennie_celebration_30.mp3 in Resources */,
				570CE30C967BA5B70BA1C2C9 /* bennie_celebration_5.mp3 in Resources */,
				34F7EA2E36CDA51AE20491B7 /* bennie_choose_hint_10s.mp3 in Resources */,
				93FA44F23A4BD3BCE167AB48 /* bennie_choose_hint_20s.mp3 in Resources */,
				55184389F81F5E58A064F788 /* bennie_dice_hint_10s.mp3 in Resources */,
				807F13F6DB1A82F0FD9BFAE2 /* bennie_dice_hint_20s.mp3 in Resources */,
				CFDEBBF75D56CD6B8CE548CC /* bennie_dice_hint_30s.mp3 in Resources */,
				B8CD0638AD1D0936AD1B072F /* bennie_greeting_alexander.mp3 in Resources */,
				8BB303EF3859C14A4725082D /* bennie_greeting_oliver.mp3 in Resources */,
				B243391C0EBFCAB0F278E945 /* bennie_greeting_part2.mp3 in Resources */,
				C18E5A79B0DF917EFD351C6D /* bennie_labyrinth_hint.mp3 in Resources */,
				6145455978C9A275A62B1166 /* bennie_labyrinth_start.mp3 in Resources */,
				1CC6A3CF87F03F5066089EA5 /* bennie_labyrinth_wrong.mp3 in Resources */,
				7618E18077E8C34E983FBEC6 /* bennie_locked.mp3 in Resources */,
				284F4862C9D6092399E6272B /* bennie_puzzle_hint_10s.mp3 in Resources */,
				ADD8856B598F9DEAB2B71174 /* bennie_puzzle_hint_20s.mp3 in Resources */,
				0953708DD4021115C9AEDE2C /* bennie_puzzle_start.mp3 in Resources */,
				FBFF94914233298F1621F4B4 /* bennie_return_part1.mp3 in Resources */,
				D51446EB08BD07F6F7352B20 /* bennie_return_part2.mp3 in Resources */,
				99E1FDEDF0895317F99EDEAF /* bennie_treasure_10to19.mp3 in Resources */,
				CCF0D3E5A17790DFC1B4D5D1 /* bennie_treasure_over20.mp3 in Resources */,
				3043B5F10269DFE283C77DA8 /* bennie_treasure_under10.mp3 in Resources */,
				2A81FE0DCB22759BAC114946 /* bennie_video_1min_warning.mp3 in Resources */,
				1CAF401000157357A541B00C /* bennie_video_time_up.mp3 in Resources */,
				04421A33C8EA1871983AE5A5 /* bennie_wrong_number_1.mp3 in Resources */,
				21E6303A0C84DB3F22A79AD1 /* bennie_wrong_number_2.mp3 in Resources */,
				232EACE1870C52F8A88F307B /* bennie_wrong_number_3.mp3 in Resources */,
				F7D523F1E2E590C11EB7B834 /* bennie_wrong_number_4.mp3 in Resources */,
				1FDFE2075E8A7DE8B5DDA075 /* bennie_wrong_number_5.mp3 in Resources */,
				EB0FB85753D928F8264042B1 /* bennie_wrong_number_6.mp3 in Resources */,
				9FA3AD1567D8BAC3BEB44E5E /* success_bravo.mp3 in Resources */,
				BAB747D8DFC3BABC151136F3 /* success_das_hast_du.mp3 in Resources */,
				CFFED2EEDC89036CD2589655 /* success_ja_genau.mp3 in Resources */,
				C1F69F92B73F6A50FE9362EB /* success_perfekt.mp3 in Resources */,
				78A4F4CAE3F464B6F643F038 /* success_super.mp3 in Resources */,
				95DEE524491CB6EDCB2F305C /* success_toll_gemacht.mp3 in Resources */,
				05990AD999070B266475ACE0 /* success_wunderbar.mp3 in Resources */,
			);
			runOnlyForDeploymentPostprocessing = 0;
		};
/* End PBXResourcesBuildPhase section */

/* Begin PBXSourcesBuildPhase section */
		A100000F299E000100000001 /* Sources */ = {
			isa = PBXSourcesBuildPhase;
			buildActionMask = 2147483647;
			files = (
				A1000003299E000100000001 /* ContentView.swift in Sources */,
				A1000001299E000100000001 /* BennieGameApp.swift in Sources */,
				AM000001299E000100000001 /* AudioManager.swift in Sources */,
				NS000001299E000100000001 /* NarratorService.swift in Sources */,
				BS000001299E000100000001 /* BennieService.swift in Sources */,
				SE000001299E000100000001 /* SoundEffects.swift in Sources */,
				B1000001299E000100000001 /* AppCoordinator.swift in Sources */,
				B1000003299E000100000001 /* Extensions.swift in Sources */,
				E1000001299E000100000001 /* BennieColors.swift in Sources */,
				E1000003299E000100000001 /* BennieTypography.swift in Sources */,
				F1000001299E000100000001 /* ChildFriendlyButton.swift in Sources */,
				F1000003299E000100000001 /* WoodButton.swift in Sources */,
				F1000005299E000100000001 /* WoodSign.swift in Sources */,
				F1000007299E000100000001 /* ProgressBar.swift in Sources */,
				F1000009299E000100000001 /* ForestBackground.swift in Sources */,
				G1000001299E000100000001 /* GameState.swift in Sources */,
				G1000003299E000100000001 /* PlayerData.swift in Sources */,
				G1000005299E000100000001 /* PlayerStore.swift in Sources */,
				H1000001299E000100000001 /* LoadingView.swift in Sources */,
				H1000003299E000100000001 /* PlayerSelectionView.swift in Sources */,
				H1000005299E000100000001 /* HomeView.swift in Sources */,
				I1000001299E000100000001 /* RaetselSelectionView.swift in Sources */,
				I1000003299E000100000001 /* ZahlenSelectionView.swift in Sources */,
				I1000005299E000100000001 /* TreasureView.swift in Sources */,
				I1000007299E000100000001 /* ParentGateView.swift in Sources */,
				PD000001299E000100000001 /* ParentDashboardView.swift in Sources */,
				J1000001299E000100000001 /* PuzzleMatchingView.swift in Sources */,
				J1000003299E000100000001 /* LabyrinthView.swift in Sources */,
				K1000001299E000100000001 /* WuerfelView.swift in Sources */,
				K1000003299E000100000001 /* WaehleZahlView.swift in Sources */,
				L1000001299E000100000001 /* CoinFlyAnimation.swift in Sources */,
				M1000001299E000100000001 /* CelebrationOverlay.swift in Sources */,
				N1000001299E000100000001 /* VideoSelectionView.swift in Sources */,
				N1000003299E000100000001 /* VideoPlayerView.swift in Sources */,
				MB000001299E000100000001 /* MuteButton.swift in Sources */,
				VS000001299E000100000001 /* VideoStore.swift in Sources */,
				VM000001299E000100000001 /* VideoManagementView.swift in Sources */,
				PS000001299E000100000001 /* ParentSettings.swift in Sources */,
				TS000001299E000100000001 /* TimeSettingsView.swift in Sources */,
			);
			runOnlyForDeploymentPostprocessing = 0;
		};
/* End PBXSourcesBuildPhase section */

/* Begin XCBuildConfiguration section */
		A1000013299E000100000001 /* Debug */ = {
			isa = XCBuildConfiguration;
			buildSettings = {
				ALWAYS_SEARCH_USER_PATHS = NO;
				ASSETCATALOG_COMPILER_GENERATE_SWIFT_ASSET_SYMBOL_EXTENSIONS = YES;
				CLANG_ANALYZER_NONNULL = YES;
				CLANG_ANALYZER_NUMBER_OBJECT_CONVERSION = YES_AGGRESSIVE;
				CLANG_CXX_LANGUAGE_STANDARD = "gnu++20";
				CLANG_ENABLE_MODULES = YES;
				CLANG_ENABLE_OBJC_ARC = YES;
				CLANG_ENABLE_OBJC_WEAK = YES;
				CLANG_WARN_BLOCK_CAPTURE_AUTORELEASING = YES;
				CLANG_WARN_BOOL_CONVERSION = YES;
				CLANG_WARN_COMMA = YES;
				CLANG_WARN_CONSTANT_CONVERSION = YES;
				CLANG_WARN_DEPRECATED_OBJC_IMPLEMENTATIONS = YES;
				CLANG_WARN_DIRECT_OBJC_ISA_USAGE = YES_ERROR;
				CLANG_WARN_DOCUMENTATION_COMMENTS = YES;
				CLANG_WARN_EMPTY_BODY = YES;
				CLANG_WARN_ENUM_CONVERSION = YES;
				CLANG_WARN_INFINITE_RECURSION = YES;
				CLANG_WARN_INT_CONVERSION = YES;
				CLANG_WARN_NON_LITERAL_NULL_CONVERSION = YES;
				CLANG_WARN_OBJC_IMPLICIT_RETAIN_SELF = YES;
				CLANG_WARN_OBJC_LITERAL_CONVERSION = YES;
				CLANG_WARN_OBJC_ROOT_CLASS = YES_ERROR;
				CLANG_WARN_QUOTED_INCLUDE_IN_FRAMEWORK_HEADER = YES;
				CLANG_WARN_RANGE_LOOP_ANALYSIS = YES;
				CLANG_WARN_STRICT_PROTOTYPES = YES;
				CLANG_WARN_SUSPICIOUS_MOVE = YES;
				CLANG_WARN_UNGUARDED_AVAILABILITY = YES_AGGRESSIVE;
				CLANG_WARN_UNREACHABLE_CODE = YES;
				CLANG_WARN__DUPLICATE_METHOD_MATCH = YES;
				COPY_PHASE_STRIP = NO;
				DEBUG_INFORMATION_FORMAT = dwarf;
				ENABLE_STRICT_OBJC_MSGSEND = YES;
				ENABLE_TESTABILITY = YES;
				ENABLE_USER_SCRIPT_SANDBOXING = YES;
				GCC_C_LANGUAGE_STANDARD = gnu17;
				GCC_DYNAMIC_NO_PIC = NO;
				GCC_NO_COMMON_BLOCKS = YES;
				GCC_OPTIMIZATION_LEVEL = 0;
				GCC_PREPROCESSOR_DEFINITIONS = (
					"DEBUG=1",
					"$(inherited)",
				);
				GCC_WARN_64_TO_32_BIT_CONVERSION = YES;
				GCC_WARN_ABOUT_RETURN_TYPE = YES_ERROR;
				GCC_WARN_UNDECLARED_SELECTOR = YES;
				GCC_WARN_UNINITIALIZED_AUTOS = YES_AGGRESSIVE;
				GCC_WARN_UNUSED_FUNCTION = YES;
				GCC_WARN_UNUSED_VARIABLE = YES;
				IPHONEOS_DEPLOYMENT_TARGET = 17.0;
				LOCALIZATION_PREFERS_STRING_CATALOGS = YES;
				MTL_ENABLE_DEBUG_INFO = INCLUDE_SOURCE;
				MTL_FAST_MATH = YES;
				ONLY_ACTIVE_ARCH = YES;
				SDKROOT = iphoneos;
				SWIFT_ACTIVE_COMPILATION_CONDITIONS = "DEBUG $(inherited)";
				SWIFT_OPTIMIZATION_LEVEL = "-Onone";
			};
			name = Debug;
		};
		A1000014299E000100000001 /* Release */ = {
			isa = XCBuildConfiguration;
			buildSettings = {
				ALWAYS_SEARCH_USER_PATHS = NO;
				ASSETCATALOG_COMPILER_GENERATE_SWIFT_ASSET_SYMBOL_EXTENSIONS = YES;
				CLANG_ANALYZER_NONNULL = YES;
				CLANG_ANALYZER_NUMBER_OBJECT_CONVERSION = YES_AGGRESSIVE;
				CLANG_CXX_LANGUAGE_STANDARD = "gnu++20";
				CLANG_ENABLE_MODULES = YES;
				CLANG_ENABLE_OBJC_ARC = YES;
				CLANG_ENABLE_OBJC_WEAK = YES;
				CLANG_WARN_BLOCK_CAPTURE_AUTORELEASING = YES;
				CLANG_WARN_BOOL_CONVERSION = YES;
				CLANG_WARN_COMMA = YES;
				CLANG_WARN_CONSTANT_CONVERSION = YES;
				CLANG_WARN_DEPRECATED_OBJC_IMPLEMENTATIONS = YES;
				CLANG_WARN_DIRECT_OBJC_ISA_USAGE = YES_ERROR;
				CLANG_WARN_DOCUMENTATION_COMMENTS = YES;
				CLANG_WARN_EMPTY_BODY = YES;
				CLANG_WARN_ENUM_CONVERSION = YES;
				CLANG_WARN_INFINITE_RECURSION = YES;
				CLANG_WARN_INT_CONVERSION = YES;
				CLANG_WARN_NON_LITERAL_NULL_CONVERSION = YES;
				CLANG_WARN_OBJC_IMPLICIT_RETAIN_SELF = YES;
				CLANG_WARN_OBJC_LITERAL_CONVERSION = YES;
				CLANG_WARN_OBJC_ROOT_CLASS = YES_ERROR;
				CLANG_WARN_QUOTED_INCLUDE_IN_FRAMEWORK_HEADER = YES;
				CLANG_WARN_RANGE_LOOP_ANALYSIS = YES;
				CLANG_WARN_STRICT_PROTOTYPES = YES;
				CLANG_WARN_SUSPICIOUS_MOVE = YES;
				CLANG_WARN_UNGUARDED_AVAILABILITY = YES_AGGRESSIVE;
				CLANG_WARN_UNREACHABLE_CODE = YES;
				CLANG_WARN__DUPLICATE_METHOD_MATCH = YES;
				COPY_PHASE_STRIP = NO;
				DEBUG_INFORMATION_FORMAT = "dwarf-with-dsym";
				ENABLE_NS_ASSERTIONS = NO;
				ENABLE_STRICT_OBJC_MSGSEND = YES;
				ENABLE_USER_SCRIPT_SANDBOXING = YES;
				GCC_C_LANGUAGE_STANDARD = gnu17;
				GCC_NO_COMMON_BLOCKS = YES;
				GCC_WARN_64_TO_32_BIT_CONVERSION = YES;
				GCC_WARN_ABOUT_RETURN_TYPE = YES_ERROR;
				GCC_WARN_UNDECLARED_SELECTOR = YES;
				GCC_WARN_UNINITIALIZED_AUTOS = YES_AGGRESSIVE;
				GCC_WARN_UNUSED_FUNCTION = YES;
				GCC_WARN_UNUSED_VARIABLE = YES;
				IPHONEOS_DEPLOYMENT_TARGET = 17.0;
				LOCALIZATION_PREFERS_STRING_CATALOGS = YES;
				MTL_ENABLE_DEBUG_INFO = NO;
				MTL_FAST_MATH = YES;
				SDKROOT = iphoneos;
				SWIFT_COMPILATION_MODE = wholemodule;
				VALIDATE_PRODUCT = YES;
			};
			name = Release;
		};
		A1000015299E000100000001 /* Debug */ = {
			isa = XCBuildConfiguration;
			buildSettings = {
				ASSETCATALOG_COMPILER_APPICON_NAME = AppIcon;
				ASSETCATALOG_COMPILER_GLOBAL_ACCENT_COLOR_NAME = AccentColor;
				CODE_SIGN_STYLE = Automatic;
				CURRENT_PROJECT_VERSION = 1;
				DEVELOPMENT_TEAM = "";
				ENABLE_PREVIEWS = YES;
				GENERATE_INFOPLIST_FILE = NO;
				INFOPLIST_FILE = BennieGame/Info.plist;
				INFOPLIST_KEY_CFBundleDisplayName = Bennie;
				INFOPLIST_KEY_LSApplicationCategoryType = "public.app-category.educational-games";
				INFOPLIST_KEY_UIApplicationSceneManifest_Generation = YES;
				INFOPLIST_KEY_UIApplicationSupportsIndirectInputEvents = YES;
				INFOPLIST_KEY_UILaunchScreen_Generation = YES;
				INFOPLIST_KEY_UIRequiresFullScreen = YES;
				INFOPLIST_KEY_UIStatusBarHidden = YES;
				INFOPLIST_KEY_UISupportedInterfaceOrientations = "UIInterfaceOrientationLandscapeLeft UIInterfaceOrientationLandscapeRight";
				LD_RUNPATH_SEARCH_PATHS = (
					"$(inherited)",
					"@executable_path/Frameworks",
				);
				MARKETING_VERSION = 1.0;
				PRODUCT_BUNDLE_IDENTIFIER = com.bennie.game;
				PRODUCT_NAME = "$(TARGET_NAME)";
				SUPPORTED_PLATFORMS = "iphoneos iphonesimulator";
				SUPPORTS_MACCATALYST = NO;
				SUPPORTS_MAC_DESIGNED_FOR_IPHONE_IPAD = NO;
				SWIFT_EMIT_LOC_STRINGS = YES;
				SWIFT_VERSION = 5.0;
				TARGETED_DEVICE_FAMILY = 2;
			};
			name = Debug;
		};
		A1000016299E000100000001 /* Release */ = {
			isa = XCBuildConfiguration;
			buildSettings = {
				ASSETCATALOG_COMPILER_APPICON_NAME = AppIcon;
				ASSETCATALOG_COMPILER_GLOBAL_ACCENT_COLOR_NAME = AccentColor;
				CODE_SIGN_STYLE = Automatic;
				CURRENT_PROJECT_VERSION = 1;
				DEVELOPMENT_TEAM = "";
				ENABLE_PREVIEWS = YES;
				GENERATE_INFOPLIST_FILE = NO;
				INFOPLIST_FILE = BennieGame/Info.plist;
				INFOPLIST_KEY_CFBundleDisplayName = Bennie;
				INFOPLIST_KEY_LSApplicationCategoryType = "public.app-category.educational-games";
				INFOPLIST_KEY_UIApplicationSceneManifest_Generation = YES;
				INFOPLIST_KEY_UIApplicationSupportsIndirectInputEvents = YES;
				INFOPLIST_KEY_UILaunchScreen_Generation = YES;
				INFOPLIST_KEY_UIRequiresFullScreen = YES;
				INFOPLIST_KEY_UIStatusBarHidden = YES;
				INFOPLIST_KEY_UISupportedInterfaceOrientations = "UIInterfaceOrientationLandscapeLeft UIInterfaceOrientationLandscapeRight";
				LD_RUNPATH_SEARCH_PATHS = (
					"$(inherited)",
					"@executable_path/Frameworks",
				);
				MARKETING_VERSION = 1.0;
				PRODUCT_BUNDLE_IDENTIFIER = com.bennie.game;
				PRODUCT_NAME = "$(TARGET_NAME)";
				SUPPORTED_PLATFORMS = "iphoneos iphonesimulator";
				SUPPORTS_MACCATALYST = NO;
				SUPPORTS_MAC_DESIGNED_FOR_IPHONE_IPAD = NO;
				SWIFT_EMIT_LOC_STRINGS = YES;
				SWIFT_VERSION = 5.0;
				TARGETED_DEVICE_FAMILY = 2;
			};
			name = Release;
		};
/* End XCBuildConfiguration section */

/* Begin XCConfigurationList section */
		A100000E299E000100000001 /* Build configuration list for PBXNativeTarget "BennieGame" */ = {
			isa = XCConfigurationList;
			buildConfigurations = (
				A1000015299E000100000001 /* Debug */,
				A1000016299E000100000001 /* Release */,
			);
			defaultConfigurationIsVisible = 0;
			defaultConfigurationName = Release;
		};
		A1000012299E000100000001 /* Build configuration list for PBXProject "BennieGame" */ = {
			isa = XCConfigurationList;
			buildConfigurations = (
				A1000013299E000100000001 /* Debug */,
				A1000014299E000100000001 /* Release */,
			);
			defaultConfigurationIsVisible = 0;
			defaultConfigurationName = Release;
		};
/* End XCConfigurationList section */

/* Begin XCRemoteSwiftPackageReference section */
		D1000003299E000100000001 /* XCRemoteSwiftPackageReference "lottie-spm" */ = {
			isa = XCRemoteSwiftPackageReference;
			repositoryURL = "https://github.com/airbnb/lottie-spm.git";
			requirement = {
				kind = upToNextMajorVersion;
				minimumVersion = 4.0.0;
			};
		};
/* End XCRemoteSwiftPackageReference section */

/* Begin XCSwiftPackageProductDependency section */
		D1000002299E000100000001 /* Lottie */ = {
			isa = XCSwiftPackageProductDependency;
			package = D1000003299E000100000001 /* XCRemoteSwiftPackageReference "lottie-spm" */;
			productName = Lottie;
		};
/* End XCSwiftPackageProductDependency section */
	};
	rootObject = A1000011299E000100000001 /* Project object */;
}
